
Microsoft Visual Studio Solution File, Format Version 12.00
# Visual Studio Version 16
VisualStudioVersion = 16.0.31829.152
MinimumVisualStudioVersion = 10.0.40219.1
Project("{FAE04EC0-301F-11D3-BF4B-00C04F79EFBC}") = "Duck", "Duck\Duck.csproj", "{C33430A2-5008-42EB-99E4-35F81A23C697}"
EndProject
Project("{FAE04EC0-301F-11D3-BF4B-00C04F79EFBC}") = "Ducks", "Ducks\Ducks.csproj", "{6AB799A7-783E-4352-AA4A-FB3F24039028}"
EndProject
Global
	GlobalSection(SolutionConfigurationPlatforms) = preSolution
		Debug|Any CPU = Debug|Any CPU
		Release|Any CPU = Release|Any CPU
	EndGlobalSection
	GlobalSection(ProjectConfigurationPlatforms) = postSolution
		{C33430A2-5008-42EB-99E4-35F81A23C697}.Debug|Any CPU.ActiveCfg = Debug|Any CPU
		{C33430A2-5008-42EB-99E4-35F81A23C697}.Debug|Any CPU.Build.0 = Debug|Any CPU
		{C33430A2-5008-42EB-99E4-35F81A23C697}.Release|Any CPU.ActiveCfg = Release|Any CPU
		{C33430A2-5008-42EB-99E4-35F81A23C697}.Release|Any CPU.Build.0 = Release|Any CPU
		{6AB799A7-783E-4352-AA4A-FB3F24039028}.Debug|Any CPU.ActiveCfg = Debug|Any CPU
		{6AB799A7-783E-4352-AA4A-FB3F24039028}.Debug|Any CPU.Build.0 = Debug|Any CPU
		{6AB799A7-783E-4352-AA4A-FB3F24039028}.Release|Any CPU.ActiveCfg = Release|Any CPU
		{6AB799A7-783E-4352-AA4A-FB3F24039028}.Release|Any CPU.Build.0 = Release|Any CPU
	EndGlobalSection
	GlobalSection(SolutionProperties) = preSolution
		HideSolutionNode = FALSE
	EndGlobalSection
	GlobalSection(ExtensibilityGlobals) = postSolution
		SolutionGuid = {DE9DCCD6-99D5-43FE-9A37-D7AB0A52E83F}
	EndGlobalSection
EndGlobal
